
Microsoft Visual Studio Solution File, Format Version 12.00
# Visual Studio Version 17
VisualStudioVersion = 17.14.36401.2
MinimumVisualStudioVersion = 10.0.40219.1
Project("{FAE04EC0-301F-11D3-BF4B-00C04F79EFBC}") = "SinoStation", "SinoStation\SinoStation.csproj", "{1AB64CFD-8946-4537-A04B-0B6E5EFF2CB3}"
EndProject
Project("{54435603-DBB4-11D2-8724-00A0C9A8B90C}") = "SinoStation_Setup", "SinoStation_Setup\SinoStation_Setup.vdproj", "{2ACEA386-FBAB-4E46-B43B-E54E2AC33D64}"
EndProject
Project("{FAE04EC0-301F-11D3-BF4B-00C04F79EFBC}") = "SinoStation_2025", "SinoStation_2025\SinoStation_2025.csproj", "{88AFB14B-7017-46C5-ACA4-68A638354011}"
EndProject
Project("{FAE04EC0-301F-11D3-BF4B-00C04F79EFBC}") = "SinoStation_2020", "SinoStation_2020\SinoStation_2020.csproj", "{35E15C33-B062-4794-A8A4-1165A65BC778}"
EndProject
Global
	GlobalSection(SolutionConfigurationPlatforms) = preSolution
		Debug|Any CPU = Debug|Any CPU
		Release|Any CPU = Release|Any CPU
	EndGlobalSection
	GlobalSection(ProjectConfigurationPlatforms) = postSolution
		{1AB64CFD-8946-4537-A04B-0B6E5EFF2CB3}.Debug|Any CPU.ActiveCfg = Debug|Any CPU
		{1AB64CFD-8946-4537-A04B-0B6E5EFF2CB3}.Debug|Any CPU.Build.0 = Debug|Any CPU
		{1AB64CFD-8946-4537-A04B-0B6E5EFF2CB3}.Release|Any CPU.ActiveCfg = Release|Any CPU
		{1AB64CFD-8946-4537-A04B-0B6E5EFF2CB3}.Release|Any CPU.Build.0 = Release|Any CPU
		{2ACEA386-FBAB-4E46-B43B-E54E2AC33D64}.Debug|Any CPU.ActiveCfg = Debug
		{2ACEA386-FBAB-4E46-B43B-E54E2AC33D64}.Release|Any CPU.ActiveCfg = Release
		{88AFB14B-7017-46C5-ACA4-68A638354011}.Debug|Any CPU.ActiveCfg = Debug|Any CPU
		{88AFB14B-7017-46C5-ACA4-68A638354011}.Debug|Any CPU.Build.0 = Debug|Any CPU
		{88AFB14B-7017-46C5-ACA4-68A638354011}.Release|Any CPU.ActiveCfg = Release|Any CPU
		{88AFB14B-7017-46C5-ACA4-68A638354011}.Release|Any CPU.Build.0 = Release|Any CPU
		{35E15C33-B062-4794-A8A4-1165A65BC778}.Debug|Any CPU.ActiveCfg = Debug|Any CPU
		{35E15C33-B062-4794-A8A4-1165A65BC778}.Debug|Any CPU.Build.0 = Debug|Any CPU
		{35E15C33-B062-4794-A8A4-1165A65BC778}.Release|Any CPU.ActiveCfg = Release|Any CPU
		{35E15C33-B062-4794-A8A4-1165A65BC778}.Release|Any CPU.Build.0 = Release|Any CPU
	EndGlobalSection
	GlobalSection(SolutionProperties) = preSolution
		HideSolutionNode = FALSE
	EndGlobalSection
	GlobalSection(ExtensibilityGlobals) = postSolution
		SolutionGuid = {2DA61505-C9FC-4D6F-A7E4-2422F5DD0711}
	EndGlobalSection
EndGlobal
